// !$*UTF8*$!
{
	archiveVersion = 1;
	classes = {
	};
	objectVersion = 50;
	objects = {

/* Begin PBXBuildFile section */
		1E5D2B6F273A322B003F0974 /* FinancialsView.swift in Sources */ = {isa = PBXBuildFile; fileRef = 1E5D2B6E273A322B003F0974 /* FinancialsView.swift */; };
		1E5D2B71273A328B003F0974 /* InventoryView.swift in Sources */ = {isa = PBXBuildFile; fileRef = 1E5D2B70273A328B003F0974 /* InventoryView.swift */; };
		1E5D2B73273A32A2003F0974 /* RecipeView.swift in Sources */ = {isa = PBXBuildFile; fileRef = 1E5D2B72273A32A2003F0974 /* RecipeView.swift */; };
		1E5D2B75273A32BC003F0974 /* GeneralTabView.swift in Sources */ = {isa = PBXBuildFile; fileRef = 1E5D2B74273A32BC003F0974 /* GeneralTabView.swift */; };
		1E5D2B77273A3580003F0974 /* LargeBar.swift in Sources */ = {isa = PBXBuildFile; fileRef = 1E5D2B76273A3580003F0974 /* LargeBar.swift */; };
		1E668D32273CDA0D004A7669 /* RecipeDetailView.swift in Sources */ = {isa = PBXBuildFile; fileRef = 1E668D31273CDA0D004A7669 /* RecipeDetailView.swift */; };
		1E8ACFD0270693B20051319E /* CloudKitchenApp.swift in Sources */ = {isa = PBXBuildFile; fileRef = 1E8ACFCF270693B20051319E /* CloudKitchenApp.swift */; };
		1E8ACFD2270693B20051319E /* ContentView.swift in Sources */ = {isa = PBXBuildFile; fileRef = 1E8ACFD1270693B20051319E /* ContentView.swift */; };
		1E8ACFD4270693B90051319E /* Assets.xcassets in Resources */ = {isa = PBXBuildFile; fileRef = 1E8ACFD3270693B90051319E /* Assets.xcassets */; };
		1E8ACFD7270693B90051319E /* Preview Assets.xcassets in Resources */ = {isa = PBXBuildFile; fileRef = 1E8ACFD6270693B90051319E /* Preview Assets.xcassets */; };
		1E8ACFD9270693B90051319E /* Persistence.swift in Sources */ = {isa = PBXBuildFile; fileRef = 1E8ACFD8270693B90051319E /* Persistence.swift */; };
		1E8ACFDC270693B90051319E /* Cloud_Kitchen_App.xcdatamodeld in Sources */ = {isa = PBXBuildFile; fileRef = 1E8ACFDA270693B90051319E /* Cloud_Kitchen_App.xcdatamodeld */; };
		1E8ACFE42706BAB80051319E /* BigButton.swift in Sources */ = {isa = PBXBuildFile; fileRef = 1E8ACFE32706BAB80051319E /* BigButton.swift */; };
		1E8ACFE92706BDC10051319E /* SmallButton.swift in Sources */ = {isa = PBXBuildFile; fileRef = 1E8ACFE82706BDC10051319E /* SmallButton.swift */; };
		1E8ACFEB2706BE4F0051319E /* HomeView.swift in Sources */ = {isa = PBXBuildFile; fileRef = 1E8ACFEA2706BE4F0051319E /* HomeView.swift */; };
		1E8ACFED2706C9EF0051319E /* ExtensionColors.swift in Sources */ = {isa = PBXBuildFile; fileRef = 1E8ACFEC2706C9EF0051319E /* ExtensionColors.swift */; };
/* End PBXBuildFile section */

/* Begin PBXFileReference section */
		1E5D2B6E273A322B003F0974 /* FinancialsView.swift */ = {isa = PBXFileReference; lastKnownFileType = sourcecode.swift; path = FinancialsView.swift; sourceTree = "<group>"; };
		1E5D2B70273A328B003F0974 /* InventoryView.swift */ = {isa = PBXFileReference; lastKnownFileType = sourcecode.swift; path = InventoryView.swift; sourceTree = "<group>"; };
		1E5D2B72273A32A2003F0974 /* RecipeView.swift */ = {isa = PBXFileReference; lastKnownFileType = sourcecode.swift; path = RecipeView.swift; sourceTree = "<group>"; };
		1E5D2B74273A32BC003F0974 /* GeneralTabView.swift */ = {isa = PBXFileReference; lastKnownFileType = sourcecode.swift; path = GeneralTabView.swift; sourceTree = "<group>"; };
		1E5D2B76273A3580003F0974 /* LargeBar.swift */ = {isa = PBXFileReference; lastKnownFileType = sourcecode.swift; path = LargeBar.swift; sourceTree = "<group>"; };
		1E668D31273CDA0D004A7669 /* RecipeDetailView.swift */ = {isa = PBXFileReference; lastKnownFileType = sourcecode.swift; path = RecipeDetailView.swift; sourceTree = "<group>"; };
		1E8ACFCC270693B20051319E /* Cloud Kitchen App.app */ = {isa = PBXFileReference; explicitFileType = wrapper.application; includeInIndex = 0; path = "Cloud Kitchen App.app"; sourceTree = BUILT_PRODUCTS_DIR; };
		1E8ACFCF270693B20051319E /* CloudKitchenApp.swift */ = {isa = PBXFileReference; lastKnownFileType = sourcecode.swift; path = CloudKitchenApp.swift; sourceTree = "<group>"; };
		1E8ACFD1270693B20051319E /* ContentView.swift */ = {isa = PBXFileReference; lastKnownFileType = sourcecode.swift; path = ContentView.swift; sourceTree = "<group>"; };
		1E8ACFD3270693B90051319E /* Assets.xcassets */ = {isa = PBXFileReference; lastKnownFileType = folder.assetcatalog; path = Assets.xcassets; sourceTree = "<group>"; };
		1E8ACFD6270693B90051319E /* Preview Assets.xcassets */ = {isa = PBXFileReference; lastKnownFileType = folder.assetcatalog; path = "Preview Assets.xcassets"; sourceTree = "<group>"; };
		1E8ACFD8270693B90051319E /* Persistence.swift */ = {isa = PBXFileReference; lastKnownFileType = sourcecode.swift; path = Persistence.swift; sourceTree = "<group>"; };
		1E8ACFDB270693B90051319E /* Cloud_Kitchen_App.xcdatamodel */ = {isa = PBXFileReference; lastKnownFileType = wrapper.xcdatamodel; path = Cloud_Kitchen_App.xcdatamodel; sourceTree = "<group>"; };
		1E8ACFDD270693B90051319E /* Info.plist */ = {isa = PBXFileReference; lastKnownFileType = text.plist.xml; path = Info.plist; sourceTree = "<group>"; };
		1E8ACFE32706BAB80051319E /* BigButton.swift */ = {isa = PBXFileReference; lastKnownFileType = sourcecode.swift; path = BigButton.swift; sourceTree = "<group>"; };
		1E8ACFE82706BDC10051319E /* SmallButton.swift */ = {isa = PBXFileReference; lastKnownFileType = sourcecode.swift; path = SmallButton.swift; sourceTree = "<group>"; };
		1E8ACFEA2706BE4F0051319E /* HomeView.swift */ = {isa = PBXFileReference; lastKnownFileType = sourcecode.swift; path = HomeView.swift; sourceTree = "<group>"; };
		1E8ACFEC2706C9EF0051319E /* ExtensionColors.swift */ = {isa = PBXFileReference; lastKnownFileType = sourcecode.swift; path = ExtensionColors.swift; sourceTree = "<group>"; };
/* End PBXFileReference section */

/* Begin PBXFrameworksBuildPhase section */
		1E8ACFC9270693B20051319E /* Frameworks */ = {
			isa = PBXFrameworksBuildPhase;
			buildActionMask = 2147483647;
			files = (
			);
			runOnlyForDeploymentPostprocessing = 0;
		};
/* End PBXFrameworksBuildPhase section */

/* Begin PBXGroup section */
		1E8ACFC3270693B20051319E = {
			isa = PBXGroup;
			children = (
				1E8ACFCE270693B20051319E /* Cloud Kitchen App */,
				1E8ACFCD270693B20051319E /* Products */,
			);
			sourceTree = "<group>";
		};
		1E8ACFCD270693B20051319E /* Products */ = {
			isa = PBXGroup;
			children = (
				1E8ACFCC270693B20051319E /* Cloud Kitchen App.app */,
			);
			name = Products;
			sourceTree = "<group>";
		};
		1E8ACFCE270693B20051319E /* Cloud Kitchen App */ = {
			isa = PBXGroup;
			children = (
				1E8ACFE72706BADD0051319E /* Views */,
				1E8ACFE62706BAD50051319E /* ViewModel */,
				1E8ACFE52706BACF0051319E /* Model */,
				1E8ACFCF270693B20051319E /* CloudKitchenApp.swift */,
				1E8ACFD1270693B20051319E /* ContentView.swift */,
				1E8ACFD3270693B90051319E /* Assets.xcassets */,
				1E8ACFD8270693B90051319E /* Persistence.swift */,
				1E8ACFDD270693B90051319E /* Info.plist */,
				1E8ACFDA270693B90051319E /* Cloud_Kitchen_App.xcdatamodeld */,
				1E8ACFD5270693B90051319E /* Preview Content */,
			);
			path = "Cloud Kitchen App";
			sourceTree = "<group>";
		};
		1E8ACFD5270693B90051319E /* Preview Content */ = {
			isa = PBXGroup;
			children = (
				1E8ACFD6270693B90051319E /* Preview Assets.xcassets */,
			);
			path = "Preview Content";
			sourceTree = "<group>";
		};
		1E8ACFE52706BACF0051319E /* Model */ = {
			isa = PBXGroup;
			children = (
			);
			path = Model;
			sourceTree = "<group>";
		};
		1E8ACFE62706BAD50051319E /* ViewModel */ = {
			isa = PBXGroup;
			children = (
				1E8ACFEC2706C9EF0051319E /* ExtensionColors.swift */,
			);
			path = ViewModel;
			sourceTree = "<group>";
		};
		1E8ACFE72706BADD0051319E /* Views */ = {
			isa = PBXGroup;
			children = (
				1E5D2B76273A3580003F0974 /* LargeBar.swift */,
				1E8ACFE32706BAB80051319E /* BigButton.swift */,
				1E8ACFE82706BDC10051319E /* SmallButton.swift */,
				1E8ACFEA2706BE4F0051319E /* HomeView.swift */,
				1E5D2B6E273A322B003F0974 /* FinancialsView.swift */,
				1E5D2B70273A328B003F0974 /* InventoryView.swift */,
				1E5D2B72273A32A2003F0974 /* RecipeView.swift */,
				1E5D2B74273A32BC003F0974 /* GeneralTabView.swift */,
				1E668D31273CDA0D004A7669 /* RecipeDetailView.swift */,
			);
			path = Views;
			sourceTree = "<group>";
		};
/* End PBXGroup section */

/* Begin PBXNativeTarget section */
		1E8ACFCB270693B20051319E /* Cloud Kitchen App */ = {
			isa = PBXNativeTarget;
			buildConfigurationList = 1E8ACFE0270693B90051319E /* Build configuration list for PBXNativeTarget "Cloud Kitchen App" */;
			buildPhases = (
				1E8ACFC8270693B20051319E /* Sources */,
				1E8ACFC9270693B20051319E /* Frameworks */,
				1E8ACFCA270693B20051319E /* Resources */,
			);
			buildRules = (
			);
			dependencies = (
			);
			name = "Cloud Kitchen App";
			productName = "Cloud Kitchen App";
			productReference = 1E8ACFCC270693B20051319E /* Cloud Kitchen App.app */;
			productType = "com.apple.product-type.application";
		};
/* End PBXNativeTarget section */

/* Begin PBXProject section */
		1E8ACFC4270693B20051319E /* Project object */ = {
			isa = PBXProject;
			attributes = {
				LastSwiftUpdateCheck = 1250;
				LastUpgradeCheck = 1250;
				TargetAttributes = {
					1E8ACFCB270693B20051319E = {
						CreatedOnToolsVersion = 12.5.1;
					};
				};
			};
			buildConfigurationList = 1E8ACFC7270693B20051319E /* Build configuration list for PBXProject "Cloud Kitchen App" */;
			compatibilityVersion = "Xcode 9.3";
			developmentRegion = en;
			hasScannedForEncodings = 0;
			knownRegions = (
				en,
				Base,
			);
			mainGroup = 1E8ACFC3270693B20051319E;
			productRefGroup = 1E8ACFCD270693B20051319E /* Products */;
			projectDirPath = "";
			projectRoot = "";
			targets = (
				1E8ACFCB270693B20051319E /* Cloud Kitchen App */,
			);
		};
/* End PBXProject section */

/* Begin PBXResourcesBuildPhase section */
		1E8ACFCA270693B20051319E /* Resources */ = {
			isa = PBXResourcesBuildPhase;
			buildActionMask = 2147483647;
			files = (
				1E8ACFD7270693B90051319E /* Preview Assets.xcassets in Resources */,
				1E8ACFD4270693B90051319E /* Assets.xcassets in Resources */,
			);
			runOnlyForDeploymentPostprocessing = 0;
		};
/* End PBXResourcesBuildPhase section */

/* Begin PBXSourcesBuildPhase section */
		1E8ACFC8270693B20051319E /* Sources */ = {
			isa = PBXSourcesBuildPhase;
			buildActionMask = 2147483647;
			files = (
				1E8ACFD9270693B90051319E /* Persistence.swift in Sources */,
				1E5D2B71273A328B003F0974 /* InventoryView.swift in Sources */,
				1E5D2B6F273A322B003F0974 /* FinancialsView.swift in Sources */,
				1E8ACFEB2706BE4F0051319E /* HomeView.swift in Sources */,
				1E5D2B73273A32A2003F0974 /* RecipeView.swift in Sources */,
				1E8ACFE42706BAB80051319E /* BigButton.swift in Sources */,
				1E5D2B77273A3580003F0974 /* LargeBar.swift in Sources */,
				1E668D32273CDA0D004A7669 /* RecipeDetailView.swift in Sources */,
				1E8ACFD2270693B20051319E /* ContentView.swift in Sources */,
				1E8ACFE92706BDC10051319E /* SmallButton.swift in Sources */,
				1E8ACFDC270693B90051319E /* Cloud_Kitchen_App.xcdatamodeld in Sources */,
				1E8ACFD0270693B20051319E /* CloudKitchenApp.swift in Sources */,
				1E5D2B75273A32BC003F0974 /* GeneralTabView.swift in Sources */,
				1E8ACFED2706C9EF0051319E /* ExtensionColors.swift in Sources */,
			);
			runOnlyForDeploymentPostprocessing = 0;
		};
/* End PBXSourcesBuildPhase section */

/* Begin XCBuildConfiguration section */
		1E8ACFDE270693B90051319E /* Debug */ = {
			isa = XCBuildConfiguration;
			buildSettings = {
				ALWAYS_SEARCH_USER_PATHS = NO;
				CLANG_ANALYZER_NONNULL = YES;
				CLANG_ANALYZER_NUMBER_OBJECT_CONVERSION = YES_AGGRESSIVE;
				CLANG_CXX_LANGUAGE_STANDARD = "gnu++14";
				CLANG_CXX_LIBRARY = "libc++";
				CLANG_ENABLE_MODULES = YES;
				CLANG_ENABLE_OBJC_ARC = YES;
				CLANG_ENABLE_OBJC_WEAK = YES;
				CLANG_WARN_BLOCK_CAPTURE_AUTORELEASING = YES;
				CLANG_WARN_BOOL_CONVERSION = YES;
				CLANG_WARN_COMMA = YES;
				CLANG_WARN_CONSTANT_CONVERSION = YES;
				CLANG_WARN_DEPRECATED_OBJC_IMPLEMENTATIONS = YES;
				CLANG_WARN_DIRECT_OBJC_ISA_USAGE = YES_ERROR;
				CLANG_WARN_DOCUMENTATION_COMMENTS = YES;
				CLANG_WARN_EMPTY_BODY = YES;
				CLANG_WARN_ENUM_CONVERSION = YES;
				CLANG_WARN_INFINITE_RECURSION = YES;
				CLANG_WARN_INT_CONVERSION = YES;
				CLANG_WARN_NON_LITERAL_NULL_CONVERSION = YES;
				CLANG_WARN_OBJC_IMPLICIT_RETAIN_SELF = YES;
				CLANG_WARN_OBJC_LITERAL_CONVERSION = YES;
				CLANG_WARN_OBJC_ROOT_CLASS = YES_ERROR;
				CLANG_WARN_QUOTED_INCLUDE_IN_FRAMEWORK_HEADER = YES;
				CLANG_WARN_RANGE_LOOP_ANALYSIS = YES;
				CLANG_WARN_STRICT_PROTOTYPES = YES;
				CLANG_WARN_SUSPICIOUS_MOVE = YES;
				CLANG_WARN_UNGUARDED_AVAILABILITY = YES_AGGRESSIVE;
				CLANG_WARN_UNREACHABLE_CODE = YES;
				CLANG_WARN__DUPLICATE_METHOD_MATCH = YES;
				COPY_PHASE_STRIP = NO;
				DEBUG_INFORMATION_FORMAT = dwarf;
				ENABLE_STRICT_OBJC_MSGSEND = YES;
				ENABLE_TESTABILITY = YES;
				GCC_C_LANGUAGE_STANDARD = gnu11;
				GCC_DYNAMIC_NO_PIC = NO;
				GCC_NO_COMMON_BLOCKS = YES;
				GCC_OPTIMIZATION_LEVEL = 0;
				GCC_PREPROCESSOR_DEFINITIONS = (
					"DEBUG=1",
					"$(inherited)",
				);
				GCC_WARN_64_TO_32_BIT_CONVERSION = YES;
				GCC_WARN_ABOUT_RETURN_TYPE = YES_ERROR;
				GCC_WARN_UNDECLARED_SELECTOR = YES;
				GCC_WARN_UNINITIALIZED_AUTOS = YES_AGGRESSIVE;
				GCC_WARN_UNUSED_FUNCTION = YES;
				GCC_WARN_UNUSED_VARIABLE = YES;
				IPHONEOS_DEPLOYMENT_TARGET = 14.5;
				MTL_ENABLE_DEBUG_INFO = INCLUDE_SOURCE;
				MTL_FAST_MATH = YES;
				ONLY_ACTIVE_ARCH = YES;
				SDKROOT = iphoneos;
				SWIFT_ACTIVE_COMPILATION_CONDITIONS = DEBUG;
				SWIFT_OPTIMIZATION_LEVEL = "-Onone";
			};
			name = Debug;
		};
		1E8ACFDF270693B90051319E /* Release */ = {
			isa = XCBuildConfiguration;
			buildSettings = {
				ALWAYS_SEARCH_USER_PATHS = NO;
				CLANG_ANALYZER_NONNULL = YES;
				CLANG_ANALYZER_NUMBER_OBJECT_CONVERSION = YES_AGGRESSIVE;
				CLANG_CXX_LANGUAGE_STANDARD = "gnu++14";
				CLANG_CXX_LIBRARY = "libc++";
				CLANG_ENABLE_MODULES = YES;
				CLANG_ENABLE_OBJC_ARC = YES;
				CLANG_ENABLE_OBJC_WEAK = YES;
				CLANG_WARN_BLOCK_CAPTURE_AUTORELEASING = YES;
				CLANG_WARN_BOOL_CONVERSION = YES;
				CLANG_WARN_COMMA = YES;
				CLANG_WARN_CONSTANT_CONVERSION = YES;
				CLANG_WARN_DEPRECATED_OBJC_IMPLEMENTATIONS = YES;
				CLANG_WARN_DIRECT_OBJC_ISA_USAGE = YES_ERROR;
				CLANG_WARN_DOCUMENTATION_COMMENTS = YES;
				CLANG_WARN_EMPTY_BODY = YES;
				CLANG_WARN_ENUM_CONVERSION = YES;
				CLANG_WARN_INFINITE_RECURSION = YES;
				CLANG_WARN_INT_CONVERSION = YES;
				CLANG_WARN_NON_LITERAL_NULL_CONVERSION = YES;
				CLANG_WARN_OBJC_IMPLICIT_RETAIN_SELF = YES;
				CLANG_WARN_OBJC_LITERAL_CONVERSION = YES;
				CLANG_WARN_OBJC_ROOT_CLASS = YES_ERROR;
				CLANG_WARN_QUOTED_INCLUDE_IN_FRAMEWORK_HEADER = YES;
				CLANG_WARN_RANGE_LOOP_ANALYSIS = YES;
				CLANG_WARN_STRICT_PROTOTYPES = YES;
				CLANG_WARN_SUSPICIOUS_MOVE = YES;
				CLANG_WARN_UNGUARDED_AVAILABILITY = YES_AGGRESSIVE;
				CLANG_WARN_UNREACHABLE_CODE = YES;
				CLANG_WARN__DUPLICATE_METHOD_MATCH = YES;
				COPY_PHASE_STRIP = NO;
				DEBUG_INFORMATION_FORMAT = "dwarf-with-dsym";
				ENABLE_NS_ASSERTIONS = NO;
				ENABLE_STRICT_OBJC_MSGSEND = YES;
				GCC_C_LANGUAGE_STANDARD = gnu11;
				GCC_NO_COMMON_BLOCKS = YES;
				GCC_WARN_64_TO_32_BIT_CONVERSION = YES;
				GCC_WARN_ABOUT_RETURN_TYPE = YES_ERROR;
				GCC_WARN_UNDECLARED_SELECTOR = YES;
				GCC_WARN_UNINITIALIZED_AUTOS = YES_AGGRESSIVE;
				GCC_WARN_UNUSED_FUNCTION = YES;
				GCC_WARN_UNUSED_VARIABLE = YES;
				IPHONEOS_DEPLOYMENT_TARGET = 14.5;
				MTL_ENABLE_DEBUG_INFO = NO;
				MTL_FAST_MATH = YES;
				SDKROOT = iphoneos;
				SWIFT_COMPILATION_MODE = wholemodule;
				SWIFT_OPTIMIZATION_LEVEL = "-O";
				VALIDATE_PRODUCT = YES;
			};
			name = Release;
		};
		1E8ACFE1270693B90051319E /* Debug */ = {
			isa = XCBuildConfiguration;
			buildSettings = {
				ASSETCATALOG_COMPILER_APPICON_NAME = AppIcon;
				ASSETCATALOG_COMPILER_GLOBAL_ACCENT_COLOR_NAME = AccentColor;
				CODE_SIGN_STYLE = Automatic;
				DEVELOPMENT_ASSET_PATHS = "\"Cloud Kitchen App/Preview Content\"";
				ENABLE_PREVIEWS = YES;
				INFOPLIST_FILE = "Cloud Kitchen App/Info.plist";
				IPHONEOS_DEPLOYMENT_TARGET = 14.0;
				LD_RUNPATH_SEARCH_PATHS = (
					"$(inherited)",
					"@executable_path/Frameworks",
				);
				PRODUCT_BUNDLE_IDENTIFIER = "SheilaCodes.Cloud-Kitchen-App";
				PRODUCT_NAME = "$(TARGET_NAME)";
				SWIFT_VERSION = 5.0;
				TARGETED_DEVICE_FAMILY = "1,2";
			};
			name = Debug;
		};
		1E8ACFE2270693B90051319E /* Release */ = {
			isa = XCBuildConfiguration;
			buildSettings = {
				ASSETCATALOG_COMPILER_APPICON_NAME = AppIcon;
				ASSETCATALOG_COMPILER_GLOBAL_ACCENT_COLOR_NAME = AccentColor;
				CODE_SIGN_STYLE = Automatic;
				DEVELOPMENT_ASSET_PATHS = "\"Cloud Kitchen App/Preview Content\"";
				ENABLE_PREVIEWS = YES;
				INFOPLIST_FILE = "Cloud Kitchen App/Info.plist";
				IPHONEOS_DEPLOYMENT_TARGET = 14.0;
				LD_RUNPATH_SEARCH_PATHS = (
					"$(inherited)",
					"@executable_path/Frameworks",
				);
				PRODUCT_BUNDLE_IDENTIFIER = "SheilaCodes.Cloud-Kitchen-App";
				PRODUCT_NAME = "$(TARGET_NAME)";
				SWIFT_VERSION = 5.0;
				TARGETED_DEVICE_FAMILY = "1,2";
			};
			name = Release;
		};
/* End XCBuildConfiguration section */

/* Begin XCConfigurationList section */
		1E8ACFC7270693B20051319E /* Build configuration list for PBXProject "Cloud Kitchen App" */ = {
			isa = XCConfigurationList;
			buildConfigurations = (
				1E8ACFDE270693B90051319E /* Debug */,
				1E8ACFDF270693B90051319E /* Release */,
			);
			defaultConfigurationIsVisible = 0;
			defaultConfigurationName = Release;
		};
		1E8ACFE0270693B90051319E /* Build configuration list for PBXNativeTarget "Cloud Kitchen App" */ = {
			isa = XCConfigurationList;
			buildConfigurations = (
				1E8ACFE1270693B90051319E /* Debug */,
				1E8ACFE2270693B90051319E /* Release */,
			);
			defaultConfigurationIsVisible = 0;
			defaultConfigurationName = Release;
		};
/* End XCConfigurationList section */

/* Begin XCVersionGroup section */
		1E8ACFDA270693B90051319E /* Cloud_Kitchen_App.xcdatamodeld */ = {
			isa = XCVersionGroup;
			children = (
				1E8ACFDB270693B90051319E /* Cloud_Kitchen_App.xcdatamodel */,
			);
			currentVersion = 1E8ACFDB270693B90051319E /* Cloud_Kitchen_App.xcdatamodel */;
			path = Cloud_Kitchen_App.xcdatamodeld;
			sourceTree = "<group>";
			versionGroupType = wrapper.xcdatamodel;
		};
/* End XCVersionGroup section */
	};
	rootObject = 1E8ACFC4270693B20051319E /* Project object */;
}
